
Microsoft Visual Studio Solution File, Format Version 12.00
# Visual Studio Version 17
VisualStudioVersion = 17.7.34018.315
MinimumVisualStudioVersion = 10.0.40219.1
Project("{9A19103F-16F7-4668-BE54-9A1E7A4F7556}") = "Agorus.Web.Api", "Agorus.Web.Api\Agorus.Web.Api.csproj", "{029AE5FF-E363-4A3A-9A77-088C3D4D5A14}"
EndProject
Project("{9A19103F-16F7-4668-BE54-9A1E7A4F7556}") = "Agorus.Data", "Agorus.Data\Agorus.Data.csproj", "{576F1FAA-B2B7-4460-A557-A353EEDC8FF4}"
EndProject
Project("{9A19103F-16F7-4668-BE54-9A1E7A4F7556}") = "Agorus.Data.Tests", "Agorus.Data.Tests\Agorus.Data.Tests.csproj", "{466C1DC8-05C0-4C6D-86D8-C7A1A5BFC600}"
EndProject
Project("{2150E333-8FDC-42A3-9474-1A3956D46DE8}") = "Solution Items", "Solution Items", "{34A980A4-3491-4E67-B54D-899E1529AE3D}"
	ProjectSection(SolutionItems) = preProject
		README.md = README.md
	EndProjectSection
EndProject
Global
	GlobalSection(SolutionConfigurationPlatforms) = preSolution
		Debug|Any CPU = Debug|Any CPU
		Release|Any CPU = Release|Any CPU
	EndGlobalSection
	GlobalSection(ProjectConfigurationPlatforms) = postSolution
		{029AE5FF-E363-4A3A-9A77-088C3D4D5A14}.Debug|Any CPU.ActiveCfg = Debug|Any CPU
		{029AE5FF-E363-4A3A-9A77-088C3D4D5A14}.Debug|Any CPU.Build.0 = Debug|Any CPU
		{029AE5FF-E363-4A3A-9A77-088C3D4D5A14}.Release|Any CPU.ActiveCfg = Release|Any CPU
		{029AE5FF-E363-4A3A-9A77-088C3D4D5A14}.Release|Any CPU.Build.0 = Release|Any CPU
		{576F1FAA-B2B7-4460-A557-A353EEDC8FF4}.Debug|Any CPU.ActiveCfg = Debug|Any CPU
		{576F1FAA-B2B7-4460-A557-A353EEDC8FF4}.Debug|Any CPU.Build.0 = Debug|Any CPU
		{576F1FAA-B2B7-4460-A557-A353EEDC8FF4}.Release|Any CPU.ActiveCfg = Release|Any CPU
		{576F1FAA-B2B7-4460-A557-A353EEDC8FF4}.Release|Any CPU.Build.0 = Release|Any CPU
		{466C1DC8-05C0-4C6D-86D8-C7A1A5BFC600}.Debug|Any CPU.ActiveCfg = Debug|Any CPU
		{466C1DC8-05C0-4C6D-86D8-C7A1A5BFC600}.Debug|Any CPU.Build.0 = Debug|Any CPU
		{466C1DC8-05C0-4C6D-86D8-C7A1A5BFC600}.Release|Any CPU.ActiveCfg = Release|Any CPU
		{466C1DC8-05C0-4C6D-86D8-C7A1A5BFC600}.Release|Any CPU.Build.0 = Release|Any CPU
	EndGlobalSection
	GlobalSection(SolutionProperties) = preSolution
		HideSolutionNode = FALSE
	EndGlobalSection
	GlobalSection(ExtensibilityGlobals) = postSolution
		SolutionGuid = {6FE3FD45-E272-4AE5-A59E-DFA5E20A0CB2}
	EndGlobalSection
EndGlobal
